// !$*UTF8*$!
{
	archiveVersion = 1;
	classes = {
	};
	objectVersion = 46;
	objects = {

/* Begin PBXBuildFile section */
		970EB6201AA5C59A00C3B3F4 /* Entitlements.plist in Resources */ = {isa = PBXBuildFile; fileRef = 970EB61F1AA5C59A00C3B3F4 /* Entitlements.plist */; };
		9761EF681AA4632C00469351 /* main.m in Sources */ = {isa = PBXBuildFile; fileRef = 9761EF671AA4632C00469351 /* main.m */; };
		9761EF6B1AA4632C00469351 /* AppDelegate.m in Sources */ = {isa = PBXBuildFile; fileRef = 9761EF6A1AA4632C00469351 /* AppDelegate.m */; };
		9761EF6D1AA4632C00469351 /* Images.xcassets in Resources */ = {isa = PBXBuildFile; fileRef = 9761EF6C1AA4632C00469351 /* Images.xcassets */; };
		9761EF701AA4632C00469351 /* LaunchScreen.xib in Resources */ = {isa = PBXBuildFile; fileRef = 9761EF6E1AA4632C00469351 /* LaunchScreen.xib */; };
		9761EF7C1AA4632C00469351 /* MedControlTests.m in Sources */ = {isa = PBXBuildFile; fileRef = 9761EF7B1AA4632C00469351 /* MedControlTests.m */; };
		9761EF881AA4638F00469351 /* JSZPatient.m in Sources */ = {isa = PBXBuildFile; fileRef = 9761EF871AA4638F00469351 /* JSZPatient.m */; };
		9761EF8B1AA4648000469351 /* JSZPatientListModel.m in Sources */ = {isa = PBXBuildFile; fileRef = 9761EF8A1AA4648000469351 /* JSZPatientListModel.m */; };
		9761EF901AA46C6900469351 /* JSZPatientListController.m in Sources */ = {isa = PBXBuildFile; fileRef = 9761EF8E1AA46C6900469351 /* JSZPatientListController.m */; };
		9761EF911AA46C6900469351 /* JSZPatientListController.xib in Resources */ = {isa = PBXBuildFile; fileRef = 9761EF8F1AA46C6900469351 /* JSZPatientListController.xib */; };
		9761EF941AA4705900469351 /* Patients.txt in Resources */ = {isa = PBXBuildFile; fileRef = 9761EF931AA4705900469351 /* Patients.txt */; };
		9761EF981AA4E1B900469351 /* JSZPatientController.m in Sources */ = {isa = PBXBuildFile; fileRef = 9761EF961AA4E1B900469351 /* JSZPatientController.m */; };
		9761EF991AA4E1B900469351 /* JSZPatientController.xib in Resources */ = {isa = PBXBuildFile; fileRef = 9761EF971AA4E1B900469351 /* JSZPatientController.xib */; };
		9761EF9E1AA4E71500469351 /* JSZVisitCollectionViewCell.m in Sources */ = {isa = PBXBuildFile; fileRef = 9761EF9C1AA4E71500469351 /* JSZVisitCollectionViewCell.m */; };
		9761EF9F1AA4E71500469351 /* JSZVisitCollectionViewCell.xib in Resources */ = {isa = PBXBuildFile; fileRef = 9761EF9D1AA4E71500469351 /* JSZVisitCollectionViewCell.xib */; };
		9761EFA21AA4EECF00469351 /* JSZTableViewCellController.m in Sources */ = {isa = PBXBuildFile; fileRef = 9761EFA11AA4EECF00469351 /* JSZTableViewCellController.m */; };
		9761EFA61AA4EF9500469351 /* JSZProofsController.m in Sources */ = {isa = PBXBuildFile; fileRef = 9761EFA41AA4EF9500469351 /* JSZProofsController.m */; };
		9761EFA71AA4EF9500469351 /* JSZProofsController.xib in Resources */ = {isa = PBXBuildFile; fileRef = 9761EFA51AA4EF9500469351 /* JSZProofsController.xib */; };
		9761EFAB1AA4FD0200469351 /* separator.png in Resources */ = {isa = PBXBuildFile; fileRef = 9761EFAA1AA4FD0200469351 /* separator.png */; };
		9761EFAD1AA50F6A00469351 /* banderas.jpg in Resources */ = {isa = PBXBuildFile; fileRef = 9761EFAC1AA50F6A00469351 /* banderas.jpg */; };
		9761EFAF1AA5120B00469351 /* pitt.jpg in Resources */ = {isa = PBXBuildFile; fileRef = 9761EFAE1AA5120B00469351 /* pitt.jpg */; };
		9761EFB11AA5133C00469351 /* machin.jpg in Resources */ = {isa = PBXBuildFile; fileRef = 9761EFB01AA5133C00469351 /* machin.jpg */; };
		9761EFB31AA5157F00469351 /* sinfoto.jpg in Resources */ = {isa = PBXBuildFile; fileRef = 9761EFB21AA5157F00469351 /* sinfoto.jpg */; };
/* End PBXBuildFile section */

/* Begin PBXContainerItemProxy section */
		9761EF761AA4632C00469351 /* PBXContainerItemProxy */ = {
			isa = PBXContainerItemProxy;
			containerPortal = 9761EF5A1AA4632C00469351 /* Project object */;
			proxyType = 1;
			remoteGlobalIDString = 9761EF611AA4632C00469351;
			remoteInfo = MedControl;
		};
/* End PBXContainerItemProxy section */

/* Begin PBXFileReference section */
		970EB61F1AA5C59A00C3B3F4 /* Entitlements.plist */ = {isa = PBXFileReference; fileEncoding = 4; lastKnownFileType = text.plist.xml; path = Entitlements.plist; sourceTree = "<group>"; };
		9761EF621AA4632C00469351 /* MedControl.app */ = {isa = PBXFileReference; explicitFileType = wrapper.application; includeInIndex = 0; path = MedControl.app; sourceTree = BUILT_PRODUCTS_DIR; };
		9761EF661AA4632C00469351 /* Info.plist */ = {isa = PBXFileReference; lastKnownFileType = text.plist.xml; path = Info.plist; sourceTree = "<group>"; };
		9761EF671AA4632C00469351 /* main.m */ = {isa = PBXFileReference; lastKnownFileType = sourcecode.c.objc; path = main.m; sourceTree = "<group>"; };
		9761EF691AA4632C00469351 /* AppDelegate.h */ = {isa = PBXFileReference; lastKnownFileType = sourcecode.c.h; path = AppDelegate.h; sourceTree = "<group>"; };
		9761EF6A1AA4632C00469351 /* AppDelegate.m */ = {isa = PBXFileReference; lastKnownFileType = sourcecode.c.objc; path = AppDelegate.m; sourceTree = "<group>"; };
		9761EF6C1AA4632C00469351 /* Images.xcassets */ = {isa = PBXFileReference; lastKnownFileType = folder.assetcatalog; path = Images.xcassets; sourceTree = "<group>"; };
		9761EF6F1AA4632C00469351 /* Base */ = {isa = PBXFileReference; lastKnownFileType = file.xib; name = Base; path = Base.lproj/LaunchScreen.xib; sourceTree = "<group>"; };
		9761EF751AA4632C00469351 /* MedControlTests.xctest */ = {isa = PBXFileReference; explicitFileType = wrapper.cfbundle; includeInIndex = 0; path = MedControlTests.xctest; sourceTree = BUILT_PRODUCTS_DIR; };
		9761EF7A1AA4632C00469351 /* Info.plist */ = {isa = PBXFileReference; lastKnownFileType = text.plist.xml; path = Info.plist; sourceTree = "<group>"; };
		9761EF7B1AA4632C00469351 /* MedControlTests.m */ = {isa = PBXFileReference; lastKnownFileType = sourcecode.c.objc; path = MedControlTests.m; sourceTree = "<group>"; };
		9761EF861AA4638F00469351 /* JSZPatient.h */ = {isa = PBXFileReference; fileEncoding = 4; lastKnownFileType = sourcecode.c.h; path = JSZPatient.h; sourceTree = "<group>"; };
		9761EF871AA4638F00469351 /* JSZPatient.m */ = {isa = PBXFileReference; fileEncoding = 4; lastKnownFileType = sourcecode.c.objc; path = JSZPatient.m; sourceTree = "<group>"; };
		9761EF891AA4648000469351 /* JSZPatientListModel.h */ = {isa = PBXFileReference; fileEncoding = 4; lastKnownFileType = sourcecode.c.h; path = JSZPatientListModel.h; sourceTree = "<group>"; };
		9761EF8A1AA4648000469351 /* JSZPatientListModel.m */ = {isa = PBXFileReference; fileEncoding = 4; lastKnownFileType = sourcecode.c.objc; path = JSZPatientListModel.m; sourceTree = "<group>"; };
		9761EF8D1AA46C6900469351 /* JSZPatientListController.h */ = {isa = PBXFileReference; fileEncoding = 4; lastKnownFileType = sourcecode.c.h; path = JSZPatientListController.h; sourceTree = "<group>"; };
		9761EF8E1AA46C6900469351 /* JSZPatientListController.m */ = {isa = PBXFileReference; fileEncoding = 4; lastKnownFileType = sourcecode.c.objc; path = JSZPatientListController.m; sourceTree = "<group>"; };
		9761EF8F1AA46C6900469351 /* JSZPatientListController.xib */ = {isa = PBXFileReference; fileEncoding = 4; lastKnownFileType = file.xib; path = JSZPatientListController.xib; sourceTree = "<group>"; };
		9761EF931AA4705900469351 /* Patients.txt */ = {isa = PBXFileReference; fileEncoding = 4; lastKnownFileType = text; path = Patients.txt; sourceTree = "<group>"; };
		9761EF951AA4E1B900469351 /* JSZPatientController.h */ = {isa = PBXFileReference; fileEncoding = 4; lastKnownFileType = sourcecode.c.h; path = JSZPatientController.h; sourceTree = "<group>"; };
		9761EF961AA4E1B900469351 /* JSZPatientController.m */ = {isa = PBXFileReference; fileEncoding = 4; lastKnownFileType = sourcecode.c.objc; path = JSZPatientController.m; sourceTree = "<group>"; };
		9761EF971AA4E1B900469351 /* JSZPatientController.xib */ = {isa = PBXFileReference; fileEncoding = 4; lastKnownFileType = file.xib; path = JSZPatientController.xib; sourceTree = "<group>"; };
		9761EF9B1AA4E71500469351 /* JSZVisitCollectionViewCell.h */ = {isa = PBXFileReference; fileEncoding = 4; lastKnownFileType = sourcecode.c.h; path = JSZVisitCollectionViewCell.h; sourceTree = "<group>"; };
		9761EF9C1AA4E71500469351 /* JSZVisitCollectionViewCell.m */ = {isa = PBXFileReference; fileEncoding = 4; lastKnownFileType = sourcecode.c.objc; path = JSZVisitCollectionViewCell.m; sourceTree = "<group>"; };
		9761EF9D1AA4E71500469351 /* JSZVisitCollectionViewCell.xib */ = {isa = PBXFileReference; fileEncoding = 4; lastKnownFileType = file.xib; path = JSZVisitCollectionViewCell.xib; sourceTree = "<group>"; };
		9761EFA01AA4EECF00469351 /* JSZTableViewCellController.h */ = {isa = PBXFileReference; fileEncoding = 4; lastKnownFileType = sourcecode.c.h; path = JSZTableViewCellController.h; sourceTree = "<group>"; };
		9761EFA11AA4EECF00469351 /* JSZTableViewCellController.m */ = {isa = PBXFileReference; fileEncoding = 4; lastKnownFileType = sourcecode.c.objc; path = JSZTableViewCellController.m; sourceTree = "<group>"; };
		9761EFA31AA4EF9500469351 /* JSZProofsController.h */ = {isa = PBXFileReference; fileEncoding = 4; lastKnownFileType = sourcecode.c.h; path = JSZProofsController.h; sourceTree = "<group>"; };
		9761EFA41AA4EF9500469351 /* JSZProofsController.m */ = {isa = PBXFileReference; fileEncoding = 4; lastKnownFileType = sourcecode.c.objc; path = JSZProofsController.m; sourceTree = "<group>"; };
		9761EFA51AA4EF9500469351 /* JSZProofsController.xib */ = {isa = PBXFileReference; fileEncoding = 4; lastKnownFileType = file.xib; path = JSZProofsController.xib; sourceTree = "<group>"; };
		9761EFAA1AA4FD0200469351 /* separator.png */ = {isa = PBXFileReference; lastKnownFileType = image.png; path = separator.png; sourceTree = "<group>"; };
		9761EFAC1AA50F6A00469351 /* banderas.jpg */ = {isa = PBXFileReference; lastKnownFileType = image.jpeg; path = banderas.jpg; sourceTree = "<group>"; };
		9761EFAE1AA5120B00469351 /* pitt.jpg */ = {isa = PBXFileReference; lastKnownFileType = image.jpeg; path = pitt.jpg; sourceTree = "<group>"; };
		9761EFB01AA5133C00469351 /* machin.jpg */ = {isa = PBXFileReference; lastKnownFileType = image.jpeg; path = machin.jpg; sourceTree = "<group>"; };
		9761EFB21AA5157F00469351 /* sinfoto.jpg */ = {isa = PBXFileReference; lastKnownFileType = image.jpeg; path = sinfoto.jpg; sourceTree = "<group>"; };
/* End PBXFileReference section */

/* Begin PBXFrameworksBuildPhase section */
		9761EF5F1AA4632C00469351 /* Frameworks */ = {
			isa = PBXFrameworksBuildPhase;
			buildActionMask = 2147483647;
			files = (
			);
			runOnlyForDeploymentPostprocessing = 0;
		};
		9761EF721AA4632C00469351 /* Frameworks */ = {
			isa = PBXFrameworksBuildPhase;
			buildActionMask = 2147483647;
			files = (
			);
			runOnlyForDeploymentPostprocessing = 0;
		};
/* End PBXFrameworksBuildPhase section */

/* Begin PBXGroup section */
		9761EF591AA4632C00469351 = {
			isa = PBXGroup;
			children = (
				970EB61F1AA5C59A00C3B3F4 /* Entitlements.plist */,
				9761EF641AA4632C00469351 /* MedControl */,
				9761EF781AA4632C00469351 /* MedControlTests */,
				9761EF631AA4632C00469351 /* Products */,
			);
			sourceTree = "<group>";
		};
		9761EF631AA4632C00469351 /* Products */ = {
			isa = PBXGroup;
			children = (
				9761EF621AA4632C00469351 /* MedControl.app */,
				9761EF751AA4632C00469351 /* MedControlTests.xctest */,
			);
			name = Products;
			sourceTree = "<group>";
		};
		9761EF641AA4632C00469351 /* MedControl */ = {
			isa = PBXGroup;
			children = (
				9761EF9A1AA4E6EA00469351 /* Views */,
				9761EF921AA4705000469351 /* Resources */,
				9761EF8C1AA46C0500469351 /* Controllers */,
				9761EF851AA4637000469351 /* Models */,
				9761EF691AA4632C00469351 /* AppDelegate.h */,
				9761EF6A1AA4632C00469351 /* AppDelegate.m */,
				9761EF6C1AA4632C00469351 /* Images.xcassets */,
				9761EF6E1AA4632C00469351 /* LaunchScreen.xib */,
				9761EF651AA4632C00469351 /* Supporting Files */,
			);
			path = MedControl;
			sourceTree = "<group>";
		};
		9761EF651AA4632C00469351 /* Supporting Files */ = {
			isa = PBXGroup;
			children = (
				9761EF661AA4632C00469351 /* Info.plist */,
				9761EF671AA4632C00469351 /* main.m */,
			);
			name = "Supporting Files";
			sourceTree = "<group>";
		};
		9761EF781AA4632C00469351 /* MedControlTests */ = {
			isa = PBXGroup;
			children = (
				9761EF7B1AA4632C00469351 /* MedControlTests.m */,
				9761EF791AA4632C00469351 /* Supporting Files */,
			);
			path = MedControlTests;
			sourceTree = "<group>";
		};
		9761EF791AA4632C00469351 /* Supporting Files */ = {
			isa = PBXGroup;
			children = (
				9761EF7A1AA4632C00469351 /* Info.plist */,
			);
			name = "Supporting Files";
			sourceTree = "<group>";
		};
		9761EF851AA4637000469351 /* Models */ = {
			isa = PBXGroup;
			children = (
				9761EF861AA4638F00469351 /* JSZPatient.h */,
				9761EF871AA4638F00469351 /* JSZPatient.m */,
				9761EF891AA4648000469351 /* JSZPatientListModel.h */,
				9761EF8A1AA4648000469351 /* JSZPatientListModel.m */,
			);
			name = Models;
			sourceTree = "<group>";
		};
		9761EF8C1AA46C0500469351 /* Controllers */ = {
			isa = PBXGroup;
			children = (
				9761EF8D1AA46C6900469351 /* JSZPatientListController.h */,
				9761EF8E1AA46C6900469351 /* JSZPatientListController.m */,
				9761EF8F1AA46C6900469351 /* JSZPatientListController.xib */,
				9761EF951AA4E1B900469351 /* JSZPatientController.h */,
				9761EF961AA4E1B900469351 /* JSZPatientController.m */,
				9761EF971AA4E1B900469351 /* JSZPatientController.xib */,
				9761EFA01AA4EECF00469351 /* JSZTableViewCellController.h */,
				9761EFA11AA4EECF00469351 /* JSZTableViewCellController.m */,
				9761EFA31AA4EF9500469351 /* JSZProofsController.h */,
				9761EFA41AA4EF9500469351 /* JSZProofsController.m */,
				9761EFA51AA4EF9500469351 /* JSZProofsController.xib */,
			);
			name = Controllers;
			sourceTree = "<group>";
		};
		9761EF921AA4705000469351 /* Resources */ = {
			isa = PBXGroup;
			children = (
				9761EFA91AA4FCE000469351 /* Data */,
				9761EFA81AA4FCD800469351 /* Images */,
			);
			name = Resources;
			sourceTree = "<group>";
		};
		9761EF9A1AA4E6EA00469351 /* Views */ = {
			isa = PBXGroup;
			children = (
				9761EF9B1AA4E71500469351 /* JSZVisitCollectionViewCell.h */,
				9761EF9C1AA4E71500469351 /* JSZVisitCollectionViewCell.m */,
				9761EF9D1AA4E71500469351 /* JSZVisitCollectionViewCell.xib */,
			);
			name = Views;
			sourceTree = "<group>";
		};
		9761EFA81AA4FCD800469351 /* Images */ = {
			isa = PBXGroup;
			children = (
				9761EFB21AA5157F00469351 /* sinfoto.jpg */,
				9761EFB01AA5133C00469351 /* machin.jpg */,
				9761EFAE1AA5120B00469351 /* pitt.jpg */,
				9761EFAC1AA50F6A00469351 /* banderas.jpg */,
				9761EFAA1AA4FD0200469351 /* separator.png */,
			);
			name = Images;
			sourceTree = "<group>";
		};
		9761EFA91AA4FCE000469351 /* Data */ = {
			isa = PBXGroup;
			children = (
				9761EF931AA4705900469351 /* Patients.txt */,
			);
			name = Data;
			sourceTree = "<group>";
		};
/* End PBXGroup section */

/* Begin PBXNativeTarget section */
		9761EF611AA4632C00469351 /* MedControl */ = {
			isa = PBXNativeTarget;
			buildConfigurationList = 9761EF7F1AA4632C00469351 /* Build configuration list for PBXNativeTarget "MedControl" */;
			buildPhases = (
				9761EF5E1AA4632C00469351 /* Sources */,
				9761EF5F1AA4632C00469351 /* Frameworks */,
				9761EF601AA4632C00469351 /* Resources */,
			);
			buildRules = (
			);
			dependencies = (
			);
			name = MedControl;
			productName = MedControl;
			productReference = 9761EF621AA4632C00469351 /* MedControl.app */;
			productType = "com.apple.product-type.application";
		};
		9761EF741AA4632C00469351 /* MedControlTests */ = {
			isa = PBXNativeTarget;
			buildConfigurationList = 9761EF821AA4632C00469351 /* Build configuration list for PBXNativeTarget "MedControlTests" */;
			buildPhases = (
				9761EF711AA4632C00469351 /* Sources */,
				9761EF721AA4632C00469351 /* Frameworks */,
				9761EF731AA4632C00469351 /* Resources */,
			);
			buildRules = (
			);
			dependencies = (
				9761EF771AA4632C00469351 /* PBXTargetDependency */,
			);
			name = MedControlTests;
			productName = MedControlTests;
			productReference = 9761EF751AA4632C00469351 /* MedControlTests.xctest */;
			productType = "com.apple.product-type.bundle.unit-test";
		};
/* End PBXNativeTarget section */

/* Begin PBXProject section */
		9761EF5A1AA4632C00469351 /* Project object */ = {
			isa = PBXProject;
			attributes = {
				LastUpgradeCheck = 0610;
				ORGANIZATIONNAME = "Juan Antonio de los Santos Zarco";
				TargetAttributes = {
					9761EF611AA4632C00469351 = {
						CreatedOnToolsVersion = 6.1.1;
					};
					9761EF741AA4632C00469351 = {
						CreatedOnToolsVersion = 6.1.1;
						TestTargetID = 9761EF611AA4632C00469351;
					};
				};
			};
			buildConfigurationList = 9761EF5D1AA4632C00469351 /* Build configuration list for PBXProject "MedControl" */;
			compatibilityVersion = "Xcode 3.2";
			developmentRegion = English;
			hasScannedForEncodings = 0;
			knownRegions = (
				en,
				Base,
			);
			mainGroup = 9761EF591AA4632C00469351;
			productRefGroup = 9761EF631AA4632C00469351 /* Products */;
			projectDirPath = "";
			projectRoot = "";
			targets = (
				9761EF611AA4632C00469351 /* MedControl */,
				9761EF741AA4632C00469351 /* MedControlTests */,
			);
		};
/* End PBXProject section */

/* Begin PBXResourcesBuildPhase section */
		9761EF601AA4632C00469351 /* Resources */ = {
			isa = PBXResourcesBuildPhase;
			buildActionMask = 2147483647;
			files = (
				9761EFB31AA5157F00469351 /* sinfoto.jpg in Resources */,
				9761EF911AA46C6900469351 /* JSZPatientListController.xib in Resources */,
				9761EFAB1AA4FD0200469351 /* separator.png in Resources */,
				9761EF701AA4632C00469351 /* LaunchScreen.xib in Resources */,
				970EB6201AA5C59A00C3B3F4 /* Entitlements.plist in Resources */,
				9761EF991AA4E1B900469351 /* JSZPatientController.xib in Resources */,
				9761EFAD1AA50F6A00469351 /* banderas.jpg in Resources */,
				9761EF941AA4705900469351 /* Patients.txt in Resources */,
				9761EFAF1AA5120B00469351 /* pitt.jpg in Resources */,
				9761EF9F1AA4E71500469351 /* JSZVisitCollectionViewCell.xib in Resources */,
				9761EFB11AA5133C00469351 /* machin.jpg in Resources */,
				9761EF6D1AA4632C00469351 /* Images.xcassets in Resources */,
				9761EFA71AA4EF9500469351 /* JSZProofsController.xib in Resources */,
			);
			runOnlyForDeploymentPostprocessing = 0;
		};
		9761EF731AA4632C00469351 /* Resources */ = {
			isa = PBXResourcesBuildPhase;
			buildActionMask = 2147483647;
			files = (
			);
			runOnlyForDeploymentPostprocessing = 0;
		};
/* End PBXResourcesBuildPhase section */

/* Begin PBXSourcesBuildPhase section */
		9761EF5E1AA4632C00469351 /* Sources */ = {
			isa = PBXSourcesBuildPhase;
			buildActionMask = 2147483647;
			files = (
				9761EF6B1AA4632C00469351 /* AppDelegate.m in Sources */,
				9761EF901AA46C6900469351 /* JSZPatientListController.m in Sources */,
				9761EF8B1AA4648000469351 /* JSZPatientListModel.m in Sources */,
				9761EF981AA4E1B900469351 /* JSZPatientController.m in Sources */,
				9761EF881AA4638F00469351 /* JSZPatient.m in Sources */,
				9761EFA21AA4EECF00469351 /* JSZTableViewCellController.m in Sources */,
				9761EF9E1AA4E71500469351 /* JSZVisitCollectionViewCell.m in Sources */,
				9761EFA61AA4EF9500469351 /* JSZProofsController.m in Sources */,
				9761EF681AA4632C00469351 /* main.m in Sources */,
			);
			runOnlyForDeploymentPostprocessing = 0;
		};
		9761EF711AA4632C00469351 /* Sources */ = {
			isa = PBXSourcesBuildPhase;
			buildActionMask = 2147483647;
			files = (
				9761EF7C1AA4632C00469351 /* MedControlTests.m in Sources */,
			);
			runOnlyForDeploymentPostprocessing = 0;
		};
/* End PBXSourcesBuildPhase section */

/* Begin PBXTargetDependency section */
		9761EF771AA4632C00469351 /* PBXTargetDependency */ = {
			isa = PBXTargetDependency;
			target = 9761EF611AA4632C00469351 /* MedControl */;
			targetProxy = 9761EF761AA4632C00469351 /* PBXContainerItemProxy */;
		};
/* End PBXTargetDependency section */

/* Begin PBXVariantGroup section */
		9761EF6E1AA4632C00469351 /* LaunchScreen.xib */ = {
			isa = PBXVariantGroup;
			children = (
				9761EF6F1AA4632C00469351 /* Base */,
			);
			name = LaunchScreen.xib;
			sourceTree = "<group>";
		};
/* End PBXVariantGroup section */

/* Begin XCBuildConfiguration section */
		9761EF7D1AA4632C00469351 /* Debug */ = {
			isa = XCBuildConfiguration;
			buildSettings = {
				ALWAYS_SEARCH_USER_PATHS = NO;
				CLANG_CXX_LANGUAGE_STANDARD = "gnu++0x";
				CLANG_CXX_LIBRARY = "libc++";
				CLANG_ENABLE_MODULES = YES;
				CLANG_ENABLE_OBJC_ARC = YES;
				CLANG_WARN_BOOL_CONVERSION = YES;
				CLANG_WARN_CONSTANT_CONVERSION = YES;
				CLANG_WARN_DIRECT_OBJC_ISA_USAGE = YES_ERROR;
				CLANG_WARN_EMPTY_BODY = YES;
				CLANG_WARN_ENUM_CONVERSION = YES;
				CLANG_WARN_INT_CONVERSION = YES;
				CLANG_WARN_OBJC_ROOT_CLASS = YES_ERROR;
				CLANG_WARN_UNREACHABLE_CODE = YES;
				CLANG_WARN__DUPLICATE_METHOD_MATCH = YES;
				CODE_SIGN_ENTITLEMENTS = Entitlements.plist;
				CODE_SIGN_IDENTITY = "-";
				"CODE_SIGN_IDENTITY[sdk=iphoneos*]" = "-";
				COPY_PHASE_STRIP = NO;
				ENABLE_STRICT_OBJC_MSGSEND = YES;
				GCC_C_LANGUAGE_STANDARD = gnu99;
				GCC_DYNAMIC_NO_PIC = NO;
				GCC_OPTIMIZATION_LEVEL = 0;
				GCC_PREPROCESSOR_DEFINITIONS = (
					"DEBUG=1",
					"$(inherited)",
				);
				GCC_SYMBOLS_PRIVATE_EXTERN = NO;
				GCC_WARN_64_TO_32_BIT_CONVERSION = YES;
				GCC_WARN_ABOUT_RETURN_TYPE = YES_ERROR;
				GCC_WARN_UNDECLARED_SELECTOR = YES;
				GCC_WARN_UNINITIALIZED_AUTOS = YES_AGGRESSIVE;
				GCC_WARN_UNUSED_FUNCTION = YES;
				GCC_WARN_UNUSED_VARIABLE = YES;
				IPHONEOS_DEPLOYMENT_TARGET = 8.1;
				MTL_ENABLE_DEBUG_INFO = YES;
				ONLY_ACTIVE_ARCH = YES;
				SDKROOT = iphoneos;
			};
			name = Debug;
		};
		9761EF7E1AA4632C00469351 /* Release */ = {
			isa = XCBuildConfiguration;
			buildSettings = {
				ALWAYS_SEARCH_USER_PATHS = NO;
				CLANG_CXX_LANGUAGE_STANDARD = "gnu++0x";
				CLANG_CXX_LIBRARY = "libc++";
				CLANG_ENABLE_MODULES = YES;
				CLANG_ENABLE_OBJC_ARC = YES;
				CLANG_WARN_BOOL_CONVERSION = YES;
				CLANG_WARN_CONSTANT_CONVERSION = YES;
				CLANG_WARN_DIRECT_OBJC_ISA_USAGE = YES_ERROR;
				CLANG_WARN_EMPTY_BODY = YES;
				CLANG_WARN_ENUM_CONVERSION = YES;
				CLANG_WARN_INT_CONVERSION = YES;
				CLANG_WARN_OBJC_ROOT_CLASS = YES_ERROR;
				CLANG_WARN_UNREACHABLE_CODE = YES;
				CLANG_WARN__DUPLICATE_METHOD_MATCH = YES;
				CODE_SIGN_ENTITLEMENTS = Entitlements.plist;
				CODE_SIGN_IDENTITY = "-";
				"CODE_SIGN_IDENTITY[sdk=iphoneos*]" = "-";
				COPY_PHASE_STRIP = YES;
				ENABLE_NS_ASSERTIONS = NO;
				ENABLE_STRICT_OBJC_MSGSEND = YES;
				GCC_C_LANGUAGE_STANDARD = gnu99;
				GCC_WARN_64_TO_32_BIT_CONVERSION = YES;
				GCC_WARN_ABOUT_RETURN_TYPE = YES_ERROR;
				GCC_WARN_UNDECLARED_SELECTOR = YES;
				GCC_WARN_UNINITIALIZED_AUTOS = YES_AGGRESSIVE;
				GCC_WARN_UNUSED_FUNCTION = YES;
				GCC_WARN_UNUSED_VARIABLE = YES;
				IPHONEOS_DEPLOYMENT_TARGET = 8.1;
				MTL_ENABLE_DEBUG_INFO = NO;
				SDKROOT = iphoneos;
				VALIDATE_PRODUCT = YES;
			};
			name = Release;
		};
		9761EF801AA4632C00469351 /* Debug */ = {
			isa = XCBuildConfiguration;
			buildSettings = {
				ASSETCATALOG_COMPILER_APPICON_NAME = AppIcon;
				CODE_SIGN_ENTITLEMENTS = Entitlements.plist;
				CODE_SIGN_IDENTITY = "-";
				INFOPLIST_FILE = MedControl/Info.plist;
				IPHONEOS_DEPLOYMENT_TARGET = 7.1;
				LD_RUNPATH_SEARCH_PATHS = "$(inherited) @executable_path/Frameworks";
				PRODUCT_NAME = "$(TARGET_NAME)";
				TARGETED_DEVICE_FAMILY = "1,2";
			};
			name = Debug;
		};
		9761EF811AA4632C00469351 /* Release */ = {
			isa = XCBuildConfiguration;
			buildSettings = {
				ASSETCATALOG_COMPILER_APPICON_NAME = AppIcon;
				CODE_SIGN_ENTITLEMENTS = Entitlements.plist;
				CODE_SIGN_IDENTITY = "-";
				INFOPLIST_FILE = MedControl/Info.plist;
				IPHONEOS_DEPLOYMENT_TARGET = 7.1;
				LD_RUNPATH_SEARCH_PATHS = "$(inherited) @executable_path/Frameworks";
				PRODUCT_NAME = "$(TARGET_NAME)";
				TARGETED_DEVICE_FAMILY = "1,2";
			};
			name = Release;
		};
		9761EF831AA4632C00469351 /* Debug */ = {
			isa = XCBuildConfiguration;
			buildSettings = {
				BUNDLE_LOADER = "$(TEST_HOST)";
				CODE_SIGN_ENTITLEMENTS = "";
				FRAMEWORK_SEARCH_PATHS = (
					"$(SDKROOT)/Developer/Library/Frameworks",
					"$(inherited)",
				);
				GCC_PREPROCESSOR_DEFINITIONS = (
					"DEBUG=1",
					"$(inherited)",
				);
				INFOPLIST_FILE = MedControlTests/Info.plist;
				LD_RUNPATH_SEARCH_PATHS = "$(inherited) @executable_path/Frameworks @loader_path/Frameworks";
				PRODUCT_NAME = "$(TARGET_NAME)";
				TEST_HOST = "$(BUILT_PRODUCTS_DIR)/MedControl.app/MedControl";
			};
			name = Debug;
		};
		9761EF841AA4632C00469351 /* Release */ = {
			isa = XCBuildConfiguration;
			buildSettings = {
				BUNDLE_LOADER = "$(TEST_HOST)";
				CODE_SIGN_ENTITLEMENTS = "";
				FRAMEWORK_SEARCH_PATHS = (
					"$(SDKROOT)/Developer/Library/Frameworks",
					"$(inherited)",
				);
				INFOPLIST_FILE = MedControlTests/Info.plist;
				LD_RUNPATH_SEARCH_PATHS = "$(inherited) @executable_path/Frameworks @loader_path/Frameworks";
				PRODUCT_NAME = "$(TARGET_NAME)";
				TEST_HOST = "$(BUILT_PRODUCTS_DIR)/MedControl.app/MedControl";
			};
			name = Release;
		};
/* End XCBuildConfiguration section */

/* Begin XCConfigurationList section */
		9761EF5D1AA4632C00469351 /* Build configuration list for PBXProject "MedControl" */ = {
			isa = XCConfigurationList;
			buildConfigurations = (
				9761EF7D1AA4632C00469351 /* Debug */,
				9761EF7E1AA4632C00469351 /* Release */,
			);
			defaultConfigurationIsVisible = 0;
			defaultConfigurationName = Release;
		};
		9761EF7F1AA4632C00469351 /* Build configuration list for PBXNativeTarget "MedControl" */ = {
			isa = XCConfigurationList;
			buildConfigurations = (
				9761EF801AA4632C00469351 /* Debug */,
				9761EF811AA4632C00469351 /* Release */,
			);
			defaultConfigurationIsVisible = 0;
			defaultConfigurationName = Release;
		};
		9761EF821AA4632C00469351 /* Build configuration list for PBXNativeTarget "MedControlTests" */ = {
			isa = XCConfigurationList;
			buildConfigurations = (
				9761EF831AA4632C00469351 /* Debug */,
				9761EF841AA4632C00469351 /* Release */,
			);
			defaultConfigurationIsVisible = 0;
			defaultConfigurationName = Release;
		};
/* End XCConfigurationList section */
	};
	rootObject = 9761EF5A1AA4632C00469351 /* Project object */;
}
